// !$*UTF8*$!
{
	archiveVersion = 1;
	classes = {
	};
	objectVersion = 56;
	objects = {

/* Begin PBXBuildFile section */
		6BD81E1B2996A5B600A77EC7 /* AppDelegate.swift in Sources */ = {isa = PBXBuildFile; fileRef = 6BD81E1A2996A5B600A77EC7 /* AppDelegate.swift */; };
		6BD81E242996A5BA00A77EC7 /* Assets.xcassets in Resources */ = {isa = PBXBuildFile; fileRef = 6BD81E232996A5BA00A77EC7 /* Assets.xcassets */; };
		6BD81E272996A5BA00A77EC7 /* LaunchScreen.storyboard in Resources */ = {isa = PBXBuildFile; fileRef = 6BD81E252996A5BA00A77EC7 /* LaunchScreen.storyboard */; };
		6BD81E352996A72F00A77EC7 /* StorePresenter.swift in Sources */ = {isa = PBXBuildFile; fileRef = 6BD81E2F2996A72F00A77EC7 /* StorePresenter.swift */; };
		6BD81E362996A72F00A77EC7 /* StoreRouter.swift in Sources */ = {isa = PBXBuildFile; fileRef = 6BD81E302996A72F00A77EC7 /* StoreRouter.swift */; };
		6BD81E372996A72F00A77EC7 /* StoreViewController.swift in Sources */ = {isa = PBXBuildFile; fileRef = 6BD81E312996A72F00A77EC7 /* StoreViewController.swift */; };
		6BD81E382996A72F00A77EC7 /* StoreProtocols.swift in Sources */ = {isa = PBXBuildFile; fileRef = 6BD81E322996A72F00A77EC7 /* StoreProtocols.swift */; };
		6BD81E392996A72F00A77EC7 /* StoreInteractor.swift in Sources */ = {isa = PBXBuildFile; fileRef = 6BD81E332996A72F00A77EC7 /* StoreInteractor.swift */; };
		6BD81E3A2996A72F00A77EC7 /* StoreViewController.xib in Resources */ = {isa = PBXBuildFile; fileRef = 6BD81E342996A72F00A77EC7 /* StoreViewController.xib */; };
		6BD81E3D2996AB4E00A77EC7 /* StoreModel.swift in Sources */ = {isa = PBXBuildFile; fileRef = 6BD81E3C2996AB4E00A77EC7 /* StoreModel.swift */; };
		6BD81E452996B37800A77EC7 /* ProductCell.swift in Sources */ = {isa = PBXBuildFile; fileRef = 6BD81E432996B37800A77EC7 /* ProductCell.swift */; };
		6BD81E462996B37800A77EC7 /* ProductCell.xib in Resources */ = {isa = PBXBuildFile; fileRef = 6BD81E442996B37800A77EC7 /* ProductCell.xib */; };
		6BD81E492996BD0F00A77EC7 /* String+extension.swift in Sources */ = {isa = PBXBuildFile; fileRef = 6BD81E482996BD0F00A77EC7 /* String+extension.swift */; };
		F247EBA48CD2310975A9AFCC /* Pods_PruebaLiverpool.framework in Frameworks */ = {isa = PBXBuildFile; fileRef = 5CA5862559C092A26A099144 /* Pods_PruebaLiverpool.framework */; };
/* End PBXBuildFile section */

/* Begin PBXFileReference section */
		5CA5862559C092A26A099144 /* Pods_PruebaLiverpool.framework */ = {isa = PBXFileReference; explicitFileType = wrapper.framework; includeInIndex = 0; path = Pods_PruebaLiverpool.framework; sourceTree = BUILT_PRODUCTS_DIR; };
		6BD81E172996A5B600A77EC7 /* PruebaLiverpool.app */ = {isa = PBXFileReference; explicitFileType = wrapper.application; includeInIndex = 0; path = PruebaLiverpool.app; sourceTree = BUILT_PRODUCTS_DIR; };
		6BD81E1A2996A5B600A77EC7 /* AppDelegate.swift */ = {isa = PBXFileReference; lastKnownFileType = sourcecode.swift; path = AppDelegate.swift; sourceTree = "<group>"; };
		6BD81E232996A5BA00A77EC7 /* Assets.xcassets */ = {isa = PBXFileReference; lastKnownFileType = folder.assetcatalog; path = Assets.xcassets; sourceTree = "<group>"; };
		6BD81E262996A5BA00A77EC7 /* Base */ = {isa = PBXFileReference; lastKnownFileType = file.storyboard; name = Base; path = Base.lproj/LaunchScreen.storyboard; sourceTree = "<group>"; };
		6BD81E282996A5BA00A77EC7 /* Info.plist */ = {isa = PBXFileReference; lastKnownFileType = text.plist.xml; path = Info.plist; sourceTree = "<group>"; };
		6BD81E2F2996A72F00A77EC7 /* StorePresenter.swift */ = {isa = PBXFileReference; lastKnownFileType = sourcecode.swift; path = StorePresenter.swift; sourceTree = "<group>"; };
		6BD81E302996A72F00A77EC7 /* StoreRouter.swift */ = {isa = PBXFileReference; lastKnownFileType = sourcecode.swift; path = StoreRouter.swift; sourceTree = "<group>"; };
		6BD81E312996A72F00A77EC7 /* StoreViewController.swift */ = {isa = PBXFileReference; lastKnownFileType = sourcecode.swift; path = StoreViewController.swift; sourceTree = "<group>"; };
		6BD81E322996A72F00A77EC7 /* StoreProtocols.swift */ = {isa = PBXFileReference; lastKnownFileType = sourcecode.swift; path = StoreProtocols.swift; sourceTree = "<group>"; };
		6BD81E332996A72F00A77EC7 /* StoreInteractor.swift */ = {isa = PBXFileReference; lastKnownFileType = sourcecode.swift; path = StoreInteractor.swift; sourceTree = "<group>"; };
		6BD81E342996A72F00A77EC7 /* StoreViewController.xib */ = {isa = PBXFileReference; lastKnownFileType = file.xib; path = StoreViewController.xib; sourceTree = "<group>"; };
		6BD81E3C2996AB4E00A77EC7 /* StoreModel.swift */ = {isa = PBXFileReference; lastKnownFileType = sourcecode.swift; path = StoreModel.swift; sourceTree = "<group>"; };
		6BD81E432996B37800A77EC7 /* ProductCell.swift */ = {isa = PBXFileReference; lastKnownFileType = sourcecode.swift; path = ProductCell.swift; sourceTree = "<group>"; };
		6BD81E442996B37800A77EC7 /* ProductCell.xib */ = {isa = PBXFileReference; lastKnownFileType = file.xib; path = ProductCell.xib; sourceTree = "<group>"; };
		6BD81E482996BD0F00A77EC7 /* String+extension.swift */ = {isa = PBXFileReference; lastKnownFileType = sourcecode.swift; path = "String+extension.swift"; sourceTree = "<group>"; };
		EE8B811DFC74298C42968C48 /* Pods-PruebaLiverpool.release.xcconfig */ = {isa = PBXFileReference; includeInIndex = 1; lastKnownFileType = text.xcconfig; name = "Pods-PruebaLiverpool.release.xcconfig"; path = "Target Support Files/Pods-PruebaLiverpool/Pods-PruebaLiverpool.release.xcconfig"; sourceTree = "<group>"; };
		F48BDF9C821CE8299B33DEE0 /* Pods-PruebaLiverpool.debug.xcconfig */ = {isa = PBXFileReference; includeInIndex = 1; lastKnownFileType = text.xcconfig; name = "Pods-PruebaLiverpool.debug.xcconfig"; path = "Target Support Files/Pods-PruebaLiverpool/Pods-PruebaLiverpool.debug.xcconfig"; sourceTree = "<group>"; };
/* End PBXFileReference section */

/* Begin PBXFrameworksBuildPhase section */
		6BD81E142996A5B600A77EC7 /* Frameworks */ = {
			isa = PBXFrameworksBuildPhase;
			buildActionMask = 2147483647;
			files = (
				F247EBA48CD2310975A9AFCC /* Pods_PruebaLiverpool.framework in Frameworks */,
			);
			runOnlyForDeploymentPostprocessing = 0;
		};
/* End PBXFrameworksBuildPhase section */

/* Begin PBXGroup section */
		312FD5F08B03C7723A8A479A /* Frameworks */ = {
			isa = PBXGroup;
			children = (
				5CA5862559C092A26A099144 /* Pods_PruebaLiverpool.framework */,
			);
			name = Frameworks;
			sourceTree = "<group>";
		};
		6BD81E0E2996A5B600A77EC7 = {
			isa = PBXGroup;
			children = (
				6BD81E192996A5B600A77EC7 /* PruebaLiverpool */,
				6BD81E182996A5B600A77EC7 /* Products */,
				71ECA98A7B37B25151121229 /* Pods */,
				312FD5F08B03C7723A8A479A /* Frameworks */,
			);
			sourceTree = "<group>";
		};
		6BD81E182996A5B600A77EC7 /* Products */ = {
			isa = PBXGroup;
			children = (
				6BD81E172996A5B600A77EC7 /* PruebaLiverpool.app */,
			);
			name = Products;
			sourceTree = "<group>";
		};
		6BD81E192996A5B600A77EC7 /* PruebaLiverpool */ = {
			isa = PBXGroup;
			children = (
				6BD81E472996BCEC00A77EC7 /* Utils */,
				6BD81E3B2996AB3C00A77EC7 /* Model */,
				6BD81E2E2996A6FA00A77EC7 /* Store */,
				6BD81E1A2996A5B600A77EC7 /* AppDelegate.swift */,
				6BD81E232996A5BA00A77EC7 /* Assets.xcassets */,
				6BD81E252996A5BA00A77EC7 /* LaunchScreen.storyboard */,
				6BD81E282996A5BA00A77EC7 /* Info.plist */,
			);
			path = PruebaLiverpool;
			sourceTree = "<group>";
		};
		6BD81E2E2996A6FA00A77EC7 /* Store */ = {
			isa = PBXGroup;
			children = (
				6BD81E3E2996ADD900A77EC7 /* Cell */,
				6BD81E2F2996A72F00A77EC7 /* StorePresenter.swift */,
				6BD81E302996A72F00A77EC7 /* StoreRouter.swift */,
				6BD81E312996A72F00A77EC7 /* StoreViewController.swift */,
				6BD81E322996A72F00A77EC7 /* StoreProtocols.swift */,
				6BD81E332996A72F00A77EC7 /* StoreInteractor.swift */,
				6BD81E342996A72F00A77EC7 /* StoreViewController.xib */,
			);
			path = Store;
			sourceTree = "<group>";
		};
		6BD81E3B2996AB3C00A77EC7 /* Model */ = {
			isa = PBXGroup;
			children = (
				6BD81E3C2996AB4E00A77EC7 /* StoreModel.swift */,
			);
			path = Model;
			sourceTree = "<group>";
		};
		6BD81E3E2996ADD900A77EC7 /* Cell */ = {
			isa = PBXGroup;
			children = (
				6BD81E432996B37800A77EC7 /* ProductCell.swift */,
				6BD81E442996B37800A77EC7 /* ProductCell.xib */,
			);
			path = Cell;
			sourceTree = "<group>";
		};
		6BD81E472996BCEC00A77EC7 /* Utils */ = {
			isa = PBXGroup;
			children = (
				6BD81E482996BD0F00A77EC7 /* String+extension.swift */,
			);
			path = Utils;
			sourceTree = "<group>";
		};
		71ECA98A7B37B25151121229 /* Pods */ = {
			isa = PBXGroup;
			children = (
				F48BDF9C821CE8299B33DEE0 /* Pods-PruebaLiverpool.debug.xcconfig */,
				EE8B811DFC74298C42968C48 /* Pods-PruebaLiverpool.release.xcconfig */,
			);
			path = Pods;
			sourceTree = "<group>";
		};
/* End PBXGroup section */

/* Begin PBXNativeTarget section */
		6BD81E162996A5B600A77EC7 /* PruebaLiverpool */ = {
			isa = PBXNativeTarget;
			buildConfigurationList = 6BD81E2B2996A5BA00A77EC7 /* Build configuration list for PBXNativeTarget "PruebaLiverpool" */;
			buildPhases = (
				72841734412C28AAFA802061 /* [CP] Check Pods Manifest.lock */,
				6BD81E132996A5B600A77EC7 /* Sources */,
				6BD81E142996A5B600A77EC7 /* Frameworks */,
				6BD81E152996A5B600A77EC7 /* Resources */,
				1D02C50285D4E5B9C423DB9A /* [CP] Embed Pods Frameworks */,
			);
			buildRules = (
			);
			dependencies = (
			);
			name = PruebaLiverpool;
			productName = PruebaLiverpool;
			productReference = 6BD81E172996A5B600A77EC7 /* PruebaLiverpool.app */;
			productType = "com.apple.product-type.application";
		};
/* End PBXNativeTarget section */

/* Begin PBXProject section */
		6BD81E0F2996A5B600A77EC7 /* Project object */ = {
			isa = PBXProject;
			attributes = {
				BuildIndependentTargetsInParallel = 1;
				LastSwiftUpdateCheck = 1400;
				LastUpgradeCheck = 1400;
				TargetAttributes = {
					6BD81E162996A5B600A77EC7 = {
						CreatedOnToolsVersion = 14.0.1;
					};
				};
			};
			buildConfigurationList = 6BD81E122996A5B600A77EC7 /* Build configuration list for PBXProject "PruebaLiverpool" */;
			compatibilityVersion = "Xcode 14.0";
			developmentRegion = en;
			hasScannedForEncodings = 0;
			knownRegions = (
				en,
				Base,
			);
			mainGroup = 6BD81E0E2996A5B600A77EC7;
			productRefGroup = 6BD81E182996A5B600A77EC7 /* Products */;
			projectDirPath = "";
			projectRoot = "";
			targets = (
				6BD81E162996A5B600A77EC7 /* PruebaLiverpool */,
			);
		};
/* End PBXProject section */

/* Begin PBXResourcesBuildPhase section */
		6BD81E152996A5B600A77EC7 /* Resources */ = {
			isa = PBXResourcesBuildPhase;
			buildActionMask = 2147483647;
			files = (
				6BD81E3A2996A72F00A77EC7 /* StoreViewController.xib in Resources */,
				6BD81E272996A5BA00A77EC7 /* LaunchScreen.storyboard in Resources */,
				6BD81E462996B37800A77EC7 /* ProductCell.xib in Resources */,
				6BD81E242996A5BA00A77EC7 /* Assets.xcassets in Resources */,
			);
			runOnlyForDeploymentPostprocessing = 0;
		};
/* End PBXResourcesBuildPhase section */

/* Begin PBXShellScriptBuildPhase section */
		1D02C50285D4E5B9C423DB9A /* [CP] Embed Pods Frameworks */ = {
			isa = PBXShellScriptBuildPhase;
			buildActionMask = 2147483647;
			files = (
			);
			inputFileListPaths = (
				"${PODS_ROOT}/Target Support Files/Pods-PruebaLiverpool/Pods-PruebaLiverpool-frameworks-${CONFIGURATION}-input-files.xcfilelist",
			);
			name = "[CP] Embed Pods Frameworks";
			outputFileListPaths = (
				"${PODS_ROOT}/Target Support Files/Pods-PruebaLiverpool/Pods-PruebaLiverpool-frameworks-${CONFIGURATION}-output-files.xcfilelist",
			);
			runOnlyForDeploymentPostprocessing = 0;
			shellPath = /bin/sh;
			shellScript = "\"${PODS_ROOT}/Target Support Files/Pods-PruebaLiverpool/Pods-PruebaLiverpool-frameworks.sh\"\n";
			showEnvVarsInLog = 0;
		};
		72841734412C28AAFA802061 /* [CP] Check Pods Manifest.lock */ = {
			isa = PBXShellScriptBuildPhase;
			buildActionMask = 2147483647;
			files = (
			);
			inputFileListPaths = (
			);
			inputPaths = (
				"${PODS_PODFILE_DIR_PATH}/Podfile.lock",
				"${PODS_ROOT}/Manifest.lock",
			);
			name = "[CP] Check Pods Manifest.lock";
			outputFileListPaths = (
			);
			outputPaths = (
				"$(DERIVED_FILE_DIR)/Pods-PruebaLiverpool-checkManifestLockResult.txt",
			);
			runOnlyForDeploymentPostprocessing = 0;
			shellPath = /bin/sh;
			shellScript = "diff \"${PODS_PODFILE_DIR_PATH}/Podfile.lock\" \"${PODS_ROOT}/Manifest.lock\" > /dev/null\nif [ $? != 0 ] ; then\n    # print error to STDERR\n    echo \"error: The sandbox is not in sync with the Podfile.lock. Run 'pod install' or update your CocoaPods installation.\" >&2\n    exit 1\nfi\n# This output is used by Xcode 'outputs' to avoid re-running this script phase.\necho \"SUCCESS\" > \"${SCRIPT_OUTPUT_FILE_0}\"\n";
			showEnvVarsInLog = 0;
		};
/* End PBXShellScriptBuildPhase section */

/* Begin PBXSourcesBuildPhase section */
		6BD81E132996A5B600A77EC7 /* Sources */ = {
			isa = PBXSourcesBuildPhase;
			buildActionMask = 2147483647;
			files = (
				6BD81E372996A72F00A77EC7 /* StoreViewController.swift in Sources */,
				6BD81E382996A72F00A77EC7 /* StoreProtocols.swift in Sources */,
				6BD81E392996A72F00A77EC7 /* StoreInteractor.swift in Sources */,
				6BD81E362996A72F00A77EC7 /* StoreRouter.swift in Sources */,
				6BD81E3D2996AB4E00A77EC7 /* StoreModel.swift in Sources */,
				6BD81E352996A72F00A77EC7 /* StorePresenter.swift in Sources */,
				6BD81E452996B37800A77EC7 /* ProductCell.swift in Sources */,
				6BD81E1B2996A5B600A77EC7 /* AppDelegate.swift in Sources */,
				6BD81E492996BD0F00A77EC7 /* String+extension.swift in Sources */,
			);
			runOnlyForDeploymentPostprocessing = 0;
		};
/* End PBXSourcesBuildPhase section */

/* Begin PBXVariantGroup section */
		6BD81E252996A5BA00A77EC7 /* LaunchScreen.storyboard */ = {
			isa = PBXVariantGroup;
			children = (
				6BD81E262996A5BA00A77EC7 /* Base */,
			);
			name = LaunchScreen.storyboard;
			sourceTree = "<group>";
		};
/* End PBXVariantGroup section */

/* Begin XCBuildConfiguration section */
		6BD81E292996A5BA00A77EC7 /* Debug */ = {
			isa = XCBuildConfiguration;
			buildSettings = {
				ALWAYS_SEARCH_USER_PATHS = NO;
				CLANG_ANALYZER_NONNULL = YES;
				CLANG_ANALYZER_NUMBER_OBJECT_CONVERSION = YES_AGGRESSIVE;
				CLANG_CXX_LANGUAGE_STANDARD = "gnu++20";
				CLANG_ENABLE_MODULES = YES;
				CLANG_ENABLE_OBJC_ARC = YES;
				CLANG_ENABLE_OBJC_WEAK = YES;
				CLANG_WARN_BLOCK_CAPTURE_AUTORELEASING = YES;
				CLANG_WARN_BOOL_CONVERSION = YES;
				CLANG_WARN_COMMA = YES;
				CLANG_WARN_CONSTANT_CONVERSION = YES;
				CLANG_WARN_DEPRECATED_OBJC_IMPLEMENTATIONS = YES;
				CLANG_WARN_DIRECT_OBJC_ISA_USAGE = YES_ERROR;
				CLANG_WARN_DOCUMENTATION_COMMENTS = YES;
				CLANG_WARN_EMPTY_BODY = YES;
				CLANG_WARN_ENUM_CONVERSION = YES;
				CLANG_WARN_INFINITE_RECURSION = YES;
				CLANG_WARN_INT_CONVERSION = YES;
				CLANG_WARN_NON_LITERAL_NULL_CONVERSION = YES;
				CLANG_WARN_OBJC_IMPLICIT_RETAIN_SELF = YES;
				CLANG_WARN_OBJC_LITERAL_CONVERSION = YES;
				CLANG_WARN_OBJC_ROOT_CLASS = YES_ERROR;
				CLANG_WARN_QUOTED_INCLUDE_IN_FRAMEWORK_HEADER = YES;
				CLANG_WARN_RANGE_LOOP_ANALYSIS = YES;
				CLANG_WARN_STRICT_PROTOTYPES = YES;
				CLANG_WARN_SUSPICIOUS_MOVE = YES;
				CLANG_WARN_UNGUARDED_AVAILABILITY = YES_AGGRESSIVE;
				CLANG_WARN_UNREACHABLE_CODE = YES;
				CLANG_WARN__DUPLICATE_METHOD_MATCH = YES;
				COPY_PHASE_STRIP = NO;
				DEBUG_INFORMATION_FORMAT = dwarf;
				ENABLE_STRICT_OBJC_MSGSEND = YES;
				ENABLE_TESTABILITY = YES;
				GCC_C_LANGUAGE_STANDARD = gnu11;
				GCC_DYNAMIC_NO_PIC = NO;
				GCC_NO_COMMON_BLOCKS = YES;
				GCC_OPTIMIZATION_LEVEL = 0;
				GCC_PREPROCESSOR_DEFINITIONS = (
					"DEBUG=1",
					"$(inherited)",
				);
				GCC_WARN_64_TO_32_BIT_CONVERSION = YES;
				GCC_WARN_ABOUT_RETURN_TYPE = YES_ERROR;
				GCC_WARN_UNDECLARED_SELECTOR = YES;
				GCC_WARN_UNINITIALIZED_AUTOS = YES_AGGRESSIVE;
				GCC_WARN_UNUSED_FUNCTION = YES;
				GCC_WARN_UNUSED_VARIABLE = YES;
				IPHONEOS_DEPLOYMENT_TARGET = 16.0;
				MTL_ENABLE_DEBUG_INFO = INCLUDE_SOURCE;
				MTL_FAST_MATH = YES;
				ONLY_ACTIVE_ARCH = YES;
				SDKROOT = iphoneos;
				SWIFT_ACTIVE_COMPILATION_CONDITIONS = DEBUG;
				SWIFT_OPTIMIZATION_LEVEL = "-Onone";
			};
			name = Debug;
		};
		6BD81E2A2996A5BA00A77EC7 /* Release */ = {
			isa = XCBuildConfiguration;
			buildSettings = {
				ALWAYS_SEARCH_USER_PATHS = NO;
				CLANG_ANALYZER_NONNULL = YES;
				CLANG_ANALYZER_NUMBER_OBJECT_CONVERSION = YES_AGGRESSIVE;
				CLANG_CXX_LANGUAGE_STANDARD = "gnu++20";
				CLANG_ENABLE_MODULES = YES;
				CLANG_ENABLE_OBJC_ARC = YES;
				CLANG_ENABLE_OBJC_WEAK = YES;
				CLANG_WARN_BLOCK_CAPTURE_AUTORELEASING = YES;
				CLANG_WARN_BOOL_CONVERSION = YES;
				CLANG_WARN_COMMA = YES;
				CLANG_WARN_CONSTANT_CONVERSION = YES;
				CLANG_WARN_DEPRECATED_OBJC_IMPLEMENTATIONS = YES;
				CLANG_WARN_DIRECT_OBJC_ISA_USAGE = YES_ERROR;
				CLANG_WARN_DOCUMENTATION_COMMENTS = YES;
				CLANG_WARN_EMPTY_BODY = YES;
				CLANG_WARN_ENUM_CONVERSION = YES;
				CLANG_WARN_INFINITE_RECURSION = YES;
				CLANG_WARN_INT_CONVERSION = YES;
				CLANG_WARN_NON_LITERAL_NULL_CONVERSION = YES;
				CLANG_WARN_OBJC_IMPLICIT_RETAIN_SELF = YES;
				CLANG_WARN_OBJC_LITERAL_CONVERSION = YES;
				CLANG_WARN_OBJC_ROOT_CLASS = YES_ERROR;
				CLANG_WARN_QUOTED_INCLUDE_IN_FRAMEWORK_HEADER = YES;
				CLANG_WARN_RANGE_LOOP_ANALYSIS = YES;
				CLANG_WARN_STRICT_PROTOTYPES = YES;
				CLANG_WARN_SUSPICIOUS_MOVE = YES;
				CLANG_WARN_UNGUARDED_AVAILABILITY = YES_AGGRESSIVE;
				CLANG_WARN_UNREACHABLE_CODE = YES;
				CLANG_WARN__DUPLICATE_METHOD_MATCH = YES;
				COPY_PHASE_STRIP = NO;
				DEBUG_INFORMATION_FORMAT = "dwarf-with-dsym";
				ENABLE_NS_ASSERTIONS = NO;
				ENABLE_STRICT_OBJC_MSGSEND = YES;
				GCC_C_LANGUAGE_STANDARD = gnu11;
				GCC_NO_COMMON_BLOCKS = YES;
				GCC_WARN_64_TO_32_BIT_CONVERSION = YES;
				GCC_WARN_ABOUT_RETURN_TYPE = YES_ERROR;
				GCC_WARN_UNDECLARED_SELECTOR = YES;
				GCC_WARN_UNINITIALIZED_AUTOS = YES_AGGRESSIVE;
				GCC_WARN_UNUSED_FUNCTION = YES;
				GCC_WARN_UNUSED_VARIABLE = YES;
				IPHONEOS_DEPLOYMENT_TARGET = 16.0;
				MTL_ENABLE_DEBUG_INFO = NO;
				MTL_FAST_MATH = YES;
				SDKROOT = iphoneos;
				SWIFT_COMPILATION_MODE = wholemodule;
				SWIFT_OPTIMIZATION_LEVEL = "-O";
				VALIDATE_PRODUCT = YES;
			};
			name = Release;
		};
		6BD81E2C2996A5BA00A77EC7 /* Debug */ = {
			isa = XCBuildConfiguration;
			baseConfigurationReference = F48BDF9C821CE8299B33DEE0 /* Pods-PruebaLiverpool.debug.xcconfig */;
			buildSettings = {
				ASSETCATALOG_COMPILER_APPICON_NAME = AppIcon;
				ASSETCATALOG_COMPILER_GLOBAL_ACCENT_COLOR_NAME = AccentColor;
				CODE_SIGN_STYLE = Automatic;
				CURRENT_PROJECT_VERSION = 1;
				DEVELOPMENT_TEAM = ULMA4NUQDZ;
				GENERATE_INFOPLIST_FILE = YES;
				INFOPLIST_FILE = PruebaLiverpool/Info.plist;
				INFOPLIST_KEY_UIApplicationSupportsIndirectInputEvents = YES;
				INFOPLIST_KEY_UILaunchStoryboardName = LaunchScreen;
				INFOPLIST_KEY_UISupportedInterfaceOrientations_iPad = "UIInterfaceOrientationPortrait UIInterfaceOrientationPortraitUpsideDown UIInterfaceOrientationLandscapeLeft UIInterfaceOrientationLandscapeRight";
				INFOPLIST_KEY_UISupportedInterfaceOrientations_iPhone = "UIInterfaceOrientationPortrait UIInterfaceOrientationLandscapeLeft UIInterfaceOrientationLandscapeRight";
				IPHONEOS_DEPLOYMENT_TARGET = 13.0;
				LD_RUNPATH_SEARCH_PATHS = (
					"$(inherited)",
					"@executable_path/Frameworks",
				);
				MARKETING_VERSION = 1.0;
				PRODUCT_BUNDLE_IDENTIFIER = com.osva.PruebaLiverpool;
				PRODUCT_NAME = "$(TARGET_NAME)";
				SWIFT_EMIT_LOC_STRINGS = YES;
				SWIFT_VERSION = 5.0;
				TARGETED_DEVICE_FAMILY = "1,2";
			};
			name = Debug;
		};
		6BD81E2D2996A5BA00A77EC7 /* Release */ = {
			isa = XCBuildConfiguration;
			baseConfigurationReference = EE8B811DFC74298C42968C48 /* Pods-PruebaLiverpool.release.xcconfig */;
			buildSettings = {
				ASSETCATALOG_COMPILER_APPICON_NAME = AppIcon;
				ASSETCATALOG_COMPILER_GLOBAL_ACCENT_COLOR_NAME = AccentColor;
				CODE_SIGN_STYLE = Automatic;
				CURRENT_PROJECT_VERSION = 1;
				DEVELOPMENT_TEAM = ULMA4NUQDZ;
				GENERATE_INFOPLIST_FILE = YES;
				INFOPLIST_FILE = PruebaLiverpool/Info.plist;
				INFOPLIST_KEY_UIApplicationSupportsIndirectInputEvents = YES;
				INFOPLIST_KEY_UILaunchStoryboardName = LaunchScreen;
				INFOPLIST_KEY_UISupportedInterfaceOrientations_iPad = "UIInterfaceOrientationPortrait UIInterfaceOrientationPortraitUpsideDown UIInterfaceOrientationLandscapeLeft UIInterfaceOrientationLandscapeRight";
				INFOPLIST_KEY_UISupportedInterfaceOrientations_iPhone = "UIInterfaceOrientationPortrait UIInterfaceOrientationLandscapeLeft UIInterfaceOrientationLandscapeRight";
				IPHONEOS_DEPLOYMENT_TARGET = 13.0;
				LD_RUNPATH_SEARCH_PATHS = (
					"$(inherited)",
					"@executable_path/Frameworks",
				);
				MARKETING_VERSION = 1.0;
				PRODUCT_BUNDLE_IDENTIFIER = com.osva.PruebaLiverpool;
				PRODUCT_NAME = "$(TARGET_NAME)";
				SWIFT_EMIT_LOC_STRINGS = YES;
				SWIFT_VERSION = 5.0;
				TARGETED_DEVICE_FAMILY = "1,2";
			};
			name = Release;
		};
/* End XCBuildConfiguration section */

/* Begin XCConfigurationList section */
		6BD81E122996A5B600A77EC7 /* Build configuration list for PBXProject "PruebaLiverpool" */ = {
			isa = XCConfigurationList;
			buildConfigurations = (
				6BD81E292996A5BA00A77EC7 /* Debug */,
				6BD81E2A2996A5BA00A77EC7 /* Release */,
			);
			defaultConfigurationIsVisible = 0;
			defaultConfigurationName = Release;
		};
		6BD81E2B2996A5BA00A77EC7 /* Build configuration list for PBXNativeTarget "PruebaLiverpool" */ = {
			isa = XCConfigurationList;
			buildConfigurations = (
				6BD81E2C2996A5BA00A77EC7 /* Debug */,
				6BD81E2D2996A5BA00A77EC7 /* Release */,
			);
			defaultConfigurationIsVisible = 0;
			defaultConfigurationName = Release;
		};
/* End XCConfigurationList section */
	};
	rootObject = 6BD81E0F2996A5B600A77EC7 /* Project object */;
}
